
Microsoft Visual Studio Solution File, Format Version 12.00
# Visual Studio Version 17
VisualStudioVersion = 17.11.35303.130
MinimumVisualStudioVersion = 10.0.40219.1
Project("{FAE04EC0-301F-11D3-BF4B-00C04F79EFBC}") = "Turf Management", "Turf Management\Turf Management.csproj", "{011BD361-C7E9-4428-9217-64E8E02A3401}"
EndProject
Global
	GlobalSection(SolutionConfigurationPlatforms) = preSolution
		Debug|Any CPU = Debug|Any CPU
		Release|Any CPU = Release|Any CPU
	EndGlobalSection
	GlobalSection(ProjectConfigurationPlatforms) = postSolution
		{011BD361-C7E9-4428-9217-64E8E02A3401}.Debug|Any CPU.ActiveCfg = Debug|Any CPU
		{011BD361-C7E9-4428-9217-64E8E02A3401}.Debug|Any CPU.Build.0 = Debug|Any CPU
		{011BD361-C7E9-4428-9217-64E8E02A3401}.Release|Any CPU.ActiveCfg = Release|Any CPU
		{011BD361-C7E9-4428-9217-64E8E02A3401}.Release|Any CPU.Build.0 = Release|Any CPU
	EndGlobalSection
	GlobalSection(SolutionProperties) = preSolution
		HideSolutionNode = FALSE
	EndGlobalSection
	GlobalSection(ExtensibilityGlobals) = postSolution
		SolutionGuid = {F948F634-9295-4239-A44B-6DEE563CFE55}
	EndGlobalSection
EndGlobal
